
Microsoft Visual Studio Solution File, Format Version 12.00
# Visual Studio Version 16
VisualStudioVersion = 16.0.31727.386
MinimumVisualStudioVersion = 10.0.40219.1
Project("{FAE04EC0-301F-11D3-BF4B-00C04F79EFBC}") = "001_HelloWorld", "001_HelloWorld\001_HelloWorld.csproj", "{95901B96-5A00-41AD-9812-FE5AE25BBAF4}"
EndProject
Project("{FAE04EC0-301F-11D3-BF4B-00C04F79EFBC}") = "002_Check", "002_Check\002_Check.csproj", "{0284BC41-CBCA-4AE8-A7CF-5A1EF090D7B9}"
EndProject
Project("{FAE04EC0-301F-11D3-BF4B-00C04F79EFBC}") = "003_Check", "003_Check\003_Check.csproj", "{89F36298-C5AF-459F-9700-0A55C6DEE679}"
EndProject
Project("{FAE04EC0-301F-11D3-BF4B-00C04F79EFBC}") = "004_Check", "004_Check\004_Check.csproj", "{87A945C8-AB21-49C3-BF62-8168CD556B52}"
EndProject
Project("{FAE04EC0-301F-11D3-BF4B-00C04F79EFBC}") = "005_Check", "005_Check\005_Check.csproj", "{DF0CDA4B-F038-4E65-A780-3723916F740F}"
EndProject
Project("{FAE04EC0-301F-11D3-BF4B-00C04F79EFBC}") = "006_Check", "006_Check\006_Check.csproj", "{270390D0-FB59-47D4-86C5-5F3F2C60293A}"
EndProject
Project("{FAE04EC0-301F-11D3-BF4B-00C04F79EFBC}") = "007_Check", "007_Check\007_Check.csproj", "{B6916C12-521E-4F10-92C0-77C7447616B5}"
EndProject
Project("{FAE04EC0-301F-11D3-BF4B-00C04F79EFBC}") = "CheckPoint01", "CheckPoint01\CheckPoint01.csproj", "{DE788685-973C-4EEE-839A-B5B2FC837C30}"
EndProject
Project("{FAE04EC0-301F-11D3-BF4B-00C04F79EFBC}") = "CheckPoint02", "CheckPoint02\CheckPoint02.csproj", "{1E9E219A-5D80-4EE6-BDDA-77F6AD87DF28}"
EndProject
Project("{FAE04EC0-301F-11D3-BF4B-00C04F79EFBC}") = "008_Check", "008_Check\008_Check.csproj", "{102F84E3-EC5C-4AC8-91F2-3DC24DEBE4C8}"
EndProject
Project("{FAE04EC0-301F-11D3-BF4B-00C04F79EFBC}") = "009_Check", "009_Check\009_Check.csproj", "{1343EFC0-039E-4BC9-8CE7-1584C6252A74}"
EndProject
Project("{FAE04EC0-301F-11D3-BF4B-00C04F79EFBC}") = "CheckPoint03", "CheckPoint03\CheckPoint03.csproj", "{53717952-C1C9-4C27-A31C-251DD78FD068}"
EndProject
Project("{FAE04EC0-301F-11D3-BF4B-00C04F79EFBC}") = "010_Check", "010_Check\010_Check.csproj", "{3B903A63-32DC-4C9D-BCC9-B5B59F28AFDD}"
EndProject
Project("{FAE04EC0-301F-11D3-BF4B-00C04F79EFBC}") = "CheckPoint04", "CheckPoint04\CheckPoint04.csproj", "{27AFDE44-F40C-4E7A-88B7-8B029E8965CC}"
EndProject
Global
	GlobalSection(SolutionConfigurationPlatforms) = preSolution
		Debug|Any CPU = Debug|Any CPU
		Release|Any CPU = Release|Any CPU
	EndGlobalSection
	GlobalSection(ProjectConfigurationPlatforms) = postSolution
		{95901B96-5A00-41AD-9812-FE5AE25BBAF4}.Debug|Any CPU.ActiveCfg = Debug|Any CPU
		{95901B96-5A00-41AD-9812-FE5AE25BBAF4}.Debug|Any CPU.Build.0 = Debug|Any CPU
		{95901B96-5A00-41AD-9812-FE5AE25BBAF4}.Release|Any CPU.ActiveCfg = Release|Any CPU
		{95901B96-5A00-41AD-9812-FE5AE25BBAF4}.Release|Any CPU.Build.0 = Release|Any CPU
		{0284BC41-CBCA-4AE8-A7CF-5A1EF090D7B9}.Debug|Any CPU.ActiveCfg = Debug|Any CPU
		{0284BC41-CBCA-4AE8-A7CF-5A1EF090D7B9}.Debug|Any CPU.Build.0 = Debug|Any CPU
		{0284BC41-CBCA-4AE8-A7CF-5A1EF090D7B9}.Release|Any CPU.ActiveCfg = Release|Any CPU
		{0284BC41-CBCA-4AE8-A7CF-5A1EF090D7B9}.Release|Any CPU.Build.0 = Release|Any CPU
		{89F36298-C5AF-459F-9700-0A55C6DEE679}.Debug|Any CPU.ActiveCfg = Debug|Any CPU
		{89F36298-C5AF-459F-9700-0A55C6DEE679}.Debug|Any CPU.Build.0 = Debug|Any CPU
		{89F36298-C5AF-459F-9700-0A55C6DEE679}.Release|Any CPU.ActiveCfg = Release|Any CPU
		{89F36298-C5AF-459F-9700-0A55C6DEE679}.Release|Any CPU.Build.0 = Release|Any CPU
		{87A945C8-AB21-49C3-BF62-8168CD556B52}.Debug|Any CPU.ActiveCfg = Debug|Any CPU
		{87A945C8-AB21-49C3-BF62-8168CD556B52}.Debug|Any CPU.Build.0 = Debug|Any CPU
		{87A945C8-AB21-49C3-BF62-8168CD556B52}.Release|Any CPU.ActiveCfg = Release|Any CPU
		{87A945C8-AB21-49C3-BF62-8168CD556B52}.Release|Any CPU.Build.0 = Release|Any CPU
		{DF0CDA4B-F038-4E65-A780-3723916F740F}.Debug|Any CPU.ActiveCfg = Debug|Any CPU
		{DF0CDA4B-F038-4E65-A780-3723916F740F}.Debug|Any CPU.Build.0 = Debug|Any CPU
		{DF0CDA4B-F038-4E65-A780-3723916F740F}.Release|Any CPU.ActiveCfg = Release|Any CPU
		{DF0CDA4B-F038-4E65-A780-3723916F740F}.Release|Any CPU.Build.0 = Release|Any CPU
		{270390D0-FB59-47D4-86C5-5F3F2C60293A}.Debug|Any CPU.ActiveCfg = Debug|Any CPU
		{270390D0-FB59-47D4-86C5-5F3F2C60293A}.Debug|Any CPU.Build.0 = Debug|Any CPU
		{270390D0-FB59-47D4-86C5-5F3F2C60293A}.Release|Any CPU.ActiveCfg = Release|Any CPU
		{270390D0-FB59-47D4-86C5-5F3F2C60293A}.Release|Any CPU.Build.0 = Release|Any CPU
		{B6916C12-521E-4F10-92C0-77C7447616B5}.Debug|Any CPU.ActiveCfg = Debug|Any CPU
		{B6916C12-521E-4F10-92C0-77C7447616B5}.Debug|Any CPU.Build.0 = Debug|Any CPU
		{B6916C12-521E-4F10-92C0-77C7447616B5}.Release|Any CPU.ActiveCfg = Release|Any CPU
		{B6916C12-521E-4F10-92C0-77C7447616B5}.Release|Any CPU.Build.0 = Release|Any CPU
		{DE788685-973C-4EEE-839A-B5B2FC837C30}.Debug|Any CPU.ActiveCfg = Debug|Any CPU
		{DE788685-973C-4EEE-839A-B5B2FC837C30}.Debug|Any CPU.Build.0 = Debug|Any CPU
		{DE788685-973C-4EEE-839A-B5B2FC837C30}.Release|Any CPU.ActiveCfg = Release|Any CPU
		{DE788685-973C-4EEE-839A-B5B2FC837C30}.Release|Any CPU.Build.0 = Release|Any CPU
		{1E9E219A-5D80-4EE6-BDDA-77F6AD87DF28}.Debug|Any CPU.ActiveCfg = Debug|Any CPU
		{1E9E219A-5D80-4EE6-BDDA-77F6AD87DF28}.Debug|Any CPU.Build.0 = Debug|Any CPU
		{1E9E219A-5D80-4EE6-BDDA-77F6AD87DF28}.Release|Any CPU.ActiveCfg = Release|Any CPU
		{1E9E219A-5D80-4EE6-BDDA-77F6AD87DF28}.Release|Any CPU.Build.0 = Release|Any CPU
		{102F84E3-EC5C-4AC8-91F2-3DC24DEBE4C8}.Debug|Any CPU.ActiveCfg = Debug|Any CPU
		{102F84E3-EC5C-4AC8-91F2-3DC24DEBE4C8}.Debug|Any CPU.Build.0 = Debug|Any CPU
		{102F84E3-EC5C-4AC8-91F2-3DC24DEBE4C8}.Release|Any CPU.ActiveCfg = Release|Any CPU
		{102F84E3-EC5C-4AC8-91F2-3DC24DEBE4C8}.Release|Any CPU.Build.0 = Release|Any CPU
		{1343EFC0-039E-4BC9-8CE7-1584C6252A74}.Debug|Any CPU.ActiveCfg = Debug|Any CPU
		{1343EFC0-039E-4BC9-8CE7-1584C6252A74}.Debug|Any CPU.Build.0 = Debug|Any CPU
		{1343EFC0-039E-4BC9-8CE7-1584C6252A74}.Release|Any CPU.ActiveCfg = Release|Any CPU
		{1343EFC0-039E-4BC9-8CE7-1584C6252A74}.Release|Any CPU.Build.0 = Release|Any CPU
		{53717952-C1C9-4C27-A31C-251DD78FD068}.Debug|Any CPU.ActiveCfg = Debug|Any CPU
		{53717952-C1C9-4C27-A31C-251DD78FD068}.Debug|Any CPU.Build.0 = Debug|Any CPU
		{53717952-C1C9-4C27-A31C-251DD78FD068}.Release|Any CPU.ActiveCfg = Release|Any CPU
		{53717952-C1C9-4C27-A31C-251DD78FD068}.Release|Any CPU.Build.0 = Release|Any CPU
		{3B903A63-32DC-4C9D-BCC9-B5B59F28AFDD}.Debug|Any CPU.ActiveCfg = Debug|Any CPU
		{3B903A63-32DC-4C9D-BCC9-B5B59F28AFDD}.Debug|Any CPU.Build.0 = Debug|Any CPU
		{3B903A63-32DC-4C9D-BCC9-B5B59F28AFDD}.Release|Any CPU.ActiveCfg = Release|Any CPU
		{3B903A63-32DC-4C9D-BCC9-B5B59F28AFDD}.Release|Any CPU.Build.0 = Release|Any CPU
		{27AFDE44-F40C-4E7A-88B7-8B029E8965CC}.Debug|Any CPU.ActiveCfg = Debug|Any CPU
		{27AFDE44-F40C-4E7A-88B7-8B029E8965CC}.Debug|Any CPU.Build.0 = Debug|Any CPU
		{27AFDE44-F40C-4E7A-88B7-8B029E8965CC}.Release|Any CPU.ActiveCfg = Release|Any CPU
		{27AFDE44-F40C-4E7A-88B7-8B029E8965CC}.Release|Any CPU.Build.0 = Release|Any CPU
	EndGlobalSection
	GlobalSection(SolutionProperties) = preSolution
		HideSolutionNode = FALSE
	EndGlobalSection
	GlobalSection(ExtensibilityGlobals) = postSolution
		SolutionGuid = {42A3A5F7-867F-463A-8429-47DE615EC640}
	EndGlobalSection
EndGlobal
